// !$*UTF8*$!
{
	archiveVersion = 1;
	classes = {
	};
	objectVersion = 60;
	objects = {

/* Begin PBXBuildFile section */
		7B38B3B62AF6887400BA49D2 /* AppDelegate.swift in Sources */ = {isa = PBXBuildFile; fileRef = 7B38B3B52AF6887400BA49D2 /* AppDelegate.swift */; };
		7B38B3B82AF6887400BA49D2 /* SceneDelegate.swift in Sources */ = {isa = PBXBuildFile; fileRef = 7B38B3B72AF6887400BA49D2 /* SceneDelegate.swift */; };
		7B38B3BA2AF6887400BA49D2 /* ViewController.swift in Sources */ = {isa = PBXBuildFile; fileRef = 7B38B3B92AF6887400BA49D2 /* ViewController.swift */; };
		7B38B3BD2AF6887400BA49D2 /* Main.storyboard in Resources */ = {isa = PBXBuildFile; fileRef = 7B38B3BB2AF6887400BA49D2 /* Main.storyboard */; };
		7B38B3BF2AF6887400BA49D2 /* Assets.xcassets in Resources */ = {isa = PBXBuildFile; fileRef = 7B38B3BE2AF6887400BA49D2 /* Assets.xcassets */; };
		7B38B3C22AF6887400BA49D2 /* LaunchScreen.storyboard in Resources */ = {isa = PBXBuildFile; fileRef = 7B38B3C02AF6887400BA49D2 /* LaunchScreen.storyboard */; };
		7B3A1DDE2AF6B31800E465BB /* C.wav in Resources */ = {isa = PBXBuildFile; fileRef = 7B3A1DDD2AF6B31800E465BB /* C.wav */; };
		7B4F9BDE2AF6B45F00CC3A26 /* D.wav in Resources */ = {isa = PBXBuildFile; fileRef = 7B4F9BDD2AF6B45F00CC3A26 /* D.wav */; };
		7B4F9BE42AF6B47400CC3A26 /* F.wav in Resources */ = {isa = PBXBuildFile; fileRef = 7B4F9BDF2AF6B47400CC3A26 /* F.wav */; };
		7B4F9BE52AF6B47400CC3A26 /* E.wav in Resources */ = {isa = PBXBuildFile; fileRef = 7B4F9BE02AF6B47400CC3A26 /* E.wav */; };
		7B4F9BE62AF6B47400CC3A26 /* B.wav in Resources */ = {isa = PBXBuildFile; fileRef = 7B4F9BE12AF6B47400CC3A26 /* B.wav */; };
		7B4F9BE72AF6B47400CC3A26 /* A.wav in Resources */ = {isa = PBXBuildFile; fileRef = 7B4F9BE22AF6B47400CC3A26 /* A.wav */; };
		7B4F9BE82AF6B47400CC3A26 /* G.wav in Resources */ = {isa = PBXBuildFile; fileRef = 7B4F9BE32AF6B47400CC3A26 /* G.wav */; };
/* End PBXBuildFile section */

/* Begin PBXFileReference section */
		7B38B3B22AF6887400BA49D2 /* Xylophone-trainee-project.app */ = {isa = PBXFileReference; explicitFileType = wrapper.application; includeInIndex = 0; path = "Xylophone-trainee-project.app"; sourceTree = BUILT_PRODUCTS_DIR; };
		7B38B3B52AF6887400BA49D2 /* AppDelegate.swift */ = {isa = PBXFileReference; lastKnownFileType = sourcecode.swift; path = AppDelegate.swift; sourceTree = "<group>"; };
		7B38B3B72AF6887400BA49D2 /* SceneDelegate.swift */ = {isa = PBXFileReference; lastKnownFileType = sourcecode.swift; path = SceneDelegate.swift; sourceTree = "<group>"; };
		7B38B3B92AF6887400BA49D2 /* ViewController.swift */ = {isa = PBXFileReference; lastKnownFileType = sourcecode.swift; path = ViewController.swift; sourceTree = "<group>"; };
		7B38B3BC2AF6887400BA49D2 /* Base */ = {isa = PBXFileReference; lastKnownFileType = file.storyboard; name = Base; path = Base.lproj/Main.storyboard; sourceTree = "<group>"; };
		7B38B3BE2AF6887400BA49D2 /* Assets.xcassets */ = {isa = PBXFileReference; lastKnownFileType = folder.assetcatalog; path = Assets.xcassets; sourceTree = "<group>"; };
		7B38B3C12AF6887400BA49D2 /* Base */ = {isa = PBXFileReference; lastKnownFileType = file.storyboard; name = Base; path = Base.lproj/LaunchScreen.storyboard; sourceTree = "<group>"; };
		7B38B3C32AF6887400BA49D2 /* Info.plist */ = {isa = PBXFileReference; lastKnownFileType = text.plist.xml; path = Info.plist; sourceTree = "<group>"; };
		7B3A1DDD2AF6B31800E465BB /* C.wav */ = {isa = PBXFileReference; lastKnownFileType = audio.wav; path = C.wav; sourceTree = "<group>"; };
		7B4F9BDD2AF6B45F00CC3A26 /* D.wav */ = {isa = PBXFileReference; lastKnownFileType = audio.wav; path = D.wav; sourceTree = "<group>"; };
		7B4F9BDF2AF6B47400CC3A26 /* F.wav */ = {isa = PBXFileReference; lastKnownFileType = audio.wav; path = F.wav; sourceTree = "<group>"; };
		7B4F9BE02AF6B47400CC3A26 /* E.wav */ = {isa = PBXFileReference; lastKnownFileType = audio.wav; path = E.wav; sourceTree = "<group>"; };
		7B4F9BE12AF6B47400CC3A26 /* B.wav */ = {isa = PBXFileReference; lastKnownFileType = audio.wav; path = B.wav; sourceTree = "<group>"; };
		7B4F9BE22AF6B47400CC3A26 /* A.wav */ = {isa = PBXFileReference; lastKnownFileType = audio.wav; path = A.wav; sourceTree = "<group>"; };
		7B4F9BE32AF6B47400CC3A26 /* G.wav */ = {isa = PBXFileReference; lastKnownFileType = audio.wav; path = G.wav; sourceTree = "<group>"; };
/* End PBXFileReference section */

/* Begin PBXFrameworksBuildPhase section */
		7B38B3AF2AF6887400BA49D2 /* Frameworks */ = {
			isa = PBXFrameworksBuildPhase;
			buildActionMask = 2147483647;
			files = (
			);
			runOnlyForDeploymentPostprocessing = 0;
		};
/* End PBXFrameworksBuildPhase section */

/* Begin PBXGroup section */
		7B38B3A92AF6887400BA49D2 = {
			isa = PBXGroup;
			children = (
				7B38B3B42AF6887400BA49D2 /* Xylophone-trainee-project */,
				7B38B3B32AF6887400BA49D2 /* Products */,
			);
			sourceTree = "<group>";
		};
		7B38B3B32AF6887400BA49D2 /* Products */ = {
			isa = PBXGroup;
			children = (
				7B38B3B22AF6887400BA49D2 /* Xylophone-trainee-project.app */,
			);
			name = Products;
			sourceTree = "<group>";
		};
		7B38B3B42AF6887400BA49D2 /* Xylophone-trainee-project */ = {
			isa = PBXGroup;
			children = (
				7B38B3B52AF6887400BA49D2 /* AppDelegate.swift */,
				7B38B3B72AF6887400BA49D2 /* SceneDelegate.swift */,
				7B38B3B92AF6887400BA49D2 /* ViewController.swift */,
				7B38B3BB2AF6887400BA49D2 /* Main.storyboard */,
				7B38B3BE2AF6887400BA49D2 /* Assets.xcassets */,
				7B38B3C02AF6887400BA49D2 /* LaunchScreen.storyboard */,
				7B38B3C32AF6887400BA49D2 /* Info.plist */,
				7B3A1DDC2AF6B2E900E465BB /* Sounds */,
			);
			path = "Xylophone-trainee-project";
			sourceTree = "<group>";
		};
		7B3A1DDC2AF6B2E900E465BB /* Sounds */ = {
			isa = PBXGroup;
			children = (
				7B3A1DDD2AF6B31800E465BB /* C.wav */,
				7B4F9BDD2AF6B45F00CC3A26 /* D.wav */,
				7B4F9BE02AF6B47400CC3A26 /* E.wav */,
				7B4F9BDF2AF6B47400CC3A26 /* F.wav */,
				7B4F9BE32AF6B47400CC3A26 /* G.wav */,
				7B4F9BE22AF6B47400CC3A26 /* A.wav */,
				7B4F9BE12AF6B47400CC3A26 /* B.wav */,
			);
			path = Sounds;
			sourceTree = "<group>";
		};
/* End PBXGroup section */

/* Begin PBXNativeTarget section */
		7B38B3B12AF6887400BA49D2 /* Xylophone-trainee-project */ = {
			isa = PBXNativeTarget;
			buildConfigurationList = 7B38B3C62AF6887400BA49D2 /* Build configuration list for PBXNativeTarget "Xylophone-trainee-project" */;
			buildPhases = (
				7B38B3AE2AF6887400BA49D2 /* Sources */,
				7B38B3AF2AF6887400BA49D2 /* Frameworks */,
				7B38B3B02AF6887400BA49D2 /* Resources */,
			);
			buildRules = (
			);
			dependencies = (
			);
			name = "Xylophone-trainee-project";
			productName = "Xylophone-trainee-project";
			productReference = 7B38B3B22AF6887400BA49D2 /* Xylophone-trainee-project.app */;
			productType = "com.apple.product-type.application";
		};
/* End PBXNativeTarget section */

/* Begin PBXProject section */
		7B38B3AA2AF6887400BA49D2 /* Project object */ = {
			isa = PBXProject;
			attributes = {
				BuildIndependentTargetsInParallel = 1;
				LastSwiftUpdateCheck = 1500;
				LastUpgradeCheck = 1500;
				TargetAttributes = {
					7B38B3B12AF6887400BA49D2 = {
						CreatedOnToolsVersion = 15.0.1;
					};
				};
			};
			buildConfigurationList = 7B38B3AD2AF6887400BA49D2 /* Build configuration list for PBXProject "Xylophone-trainee-project" */;
			compatibilityVersion = "Xcode 15.0";
			developmentRegion = en;
			hasScannedForEncodings = 0;
			knownRegions = (
				en,
				Base,
			);
			mainGroup = 7B38B3A92AF6887400BA49D2;
			productRefGroup = 7B38B3B32AF6887400BA49D2 /* Products */;
			projectDirPath = "";
			projectRoot = "";
			targets = (
				7B38B3B12AF6887400BA49D2 /* Xylophone-trainee-project */,
			);
		};
/* End PBXProject section */

/* Begin PBXResourcesBuildPhase section */
		7B38B3B02AF6887400BA49D2 /* Resources */ = {
			isa = PBXResourcesBuildPhase;
			buildActionMask = 2147483647;
			files = (
				7B4F9BE72AF6B47400CC3A26 /* A.wav in Resources */,
				7B3A1DDE2AF6B31800E465BB /* C.wav in Resources */,
				7B38B3C22AF6887400BA49D2 /* LaunchScreen.storyboard in Resources */,
				7B4F9BDE2AF6B45F00CC3A26 /* D.wav in Resources */,
				7B4F9BE62AF6B47400CC3A26 /* B.wav in Resources */,
				7B4F9BE42AF6B47400CC3A26 /* F.wav in Resources */,
				7B4F9BE82AF6B47400CC3A26 /* G.wav in Resources */,
				7B38B3BF2AF6887400BA49D2 /* Assets.xcassets in Resources */,
				7B4F9BE52AF6B47400CC3A26 /* E.wav in Resources */,
				7B38B3BD2AF6887400BA49D2 /* Main.storyboard in Resources */,
			);
			runOnlyForDeploymentPostprocessing = 0;
		};
/* End PBXResourcesBuildPhase section */

/* Begin PBXSourcesBuildPhase section */
		7B38B3AE2AF6887400BA49D2 /* Sources */ = {
			isa = PBXSourcesBuildPhase;
			buildActionMask = 2147483647;
			files = (
				7B38B3BA2AF6887400BA49D2 /* ViewController.swift in Sources */,
				7B38B3B62AF6887400BA49D2 /* AppDelegate.swift in Sources */,
				7B38B3B82AF6887400BA49D2 /* SceneDelegate.swift in Sources */,
			);
			runOnlyForDeploymentPostprocessing = 0;
		};
/* End PBXSourcesBuildPhase section */

/* Begin PBXVariantGroup section */
		7B38B3BB2AF6887400BA49D2 /* Main.storyboard */ = {
			isa = PBXVariantGroup;
			children = (
				7B38B3BC2AF6887400BA49D2 /* Base */,
			);
			name = Main.storyboard;
			sourceTree = "<group>";
		};
		7B38B3C02AF6887400BA49D2 /* LaunchScreen.storyboard */ = {
			isa = PBXVariantGroup;
			children = (
				7B38B3C12AF6887400BA49D2 /* Base */,
			);
			name = LaunchScreen.storyboard;
			sourceTree = "<group>";
		};
/* End PBXVariantGroup section */

/* Begin XCBuildConfiguration section */
		7B38B3C42AF6887400BA49D2 /* Debug */ = {
			isa = XCBuildConfiguration;
			buildSettings = {
				ALWAYS_SEARCH_USER_PATHS = NO;
				ASSETCATALOG_COMPILER_GENERATE_SWIFT_ASSET_SYMBOL_EXTENSIONS = YES;
				CLANG_ANALYZER_NONNULL = YES;
				CLANG_ANALYZER_NUMBER_OBJECT_CONVERSION = YES_AGGRESSIVE;
				CLANG_CXX_LANGUAGE_STANDARD = "gnu++20";
				CLANG_ENABLE_MODULES = YES;
				CLANG_ENABLE_OBJC_ARC = YES;
				CLANG_ENABLE_OBJC_WEAK = YES;
				CLANG_WARN_BLOCK_CAPTURE_AUTORELEASING = YES;
				CLANG_WARN_BOOL_CONVERSION = YES;
				CLANG_WARN_COMMA = YES;
				CLANG_WARN_CONSTANT_CONVERSION = YES;
				CLANG_WARN_DEPRECATED_OBJC_IMPLEMENTATIONS = YES;
				CLANG_WARN_DIRECT_OBJC_ISA_USAGE = YES_ERROR;
				CLANG_WARN_DOCUMENTATION_COMMENTS = YES;
				CLANG_WARN_EMPTY_BODY = YES;
				CLANG_WARN_ENUM_CONVERSION = YES;
				CLANG_WARN_INFINITE_RECURSION = YES;
				CLANG_WARN_INT_CONVERSION = YES;
				CLANG_WARN_NON_LITERAL_NULL_CONVERSION = YES;
				CLANG_WARN_OBJC_IMPLICIT_RETAIN_SELF = YES;
				CLANG_WARN_OBJC_LITERAL_CONVERSION = YES;
				CLANG_WARN_OBJC_ROOT_CLASS = YES_ERROR;
				CLANG_WARN_QUOTED_INCLUDE_IN_FRAMEWORK_HEADER = YES;
				CLANG_WARN_RANGE_LOOP_ANALYSIS = YES;
				CLANG_WARN_STRICT_PROTOTYPES = YES;
				CLANG_WARN_SUSPICIOUS_MOVE = YES;
				CLANG_WARN_UNGUARDED_AVAILABILITY = YES_AGGRESSIVE;
				CLANG_WARN_UNREACHABLE_CODE = YES;
				CLANG_WARN__DUPLICATE_METHOD_MATCH = YES;
				COPY_PHASE_STRIP = NO;
				DEBUG_INFORMATION_FORMAT = dwarf;
				ENABLE_STRICT_OBJC_MSGSEND = YES;
				ENABLE_TESTABILITY = YES;
				ENABLE_USER_SCRIPT_SANDBOXING = YES;
				GCC_C_LANGUAGE_STANDARD = gnu17;
				GCC_DYNAMIC_NO_PIC = NO;
				GCC_NO_COMMON_BLOCKS = YES;
				GCC_OPTIMIZATION_LEVEL = 0;
				GCC_PREPROCESSOR_DEFINITIONS = (
					"DEBUG=1",
					"$(inherited)",
				);
				GCC_WARN_64_TO_32_BIT_CONVERSION = YES;
				GCC_WARN_ABOUT_RETURN_TYPE = YES_ERROR;
				GCC_WARN_UNDECLARED_SELECTOR = YES;
				GCC_WARN_UNINITIALIZED_AUTOS = YES_AGGRESSIVE;
				GCC_WARN_UNUSED_FUNCTION = YES;
				GCC_WARN_UNUSED_VARIABLE = YES;
				IPHONEOS_DEPLOYMENT_TARGET = 13.0;
				LOCALIZATION_PREFERS_STRING_CATALOGS = YES;
				MTL_ENABLE_DEBUG_INFO = INCLUDE_SOURCE;
				MTL_FAST_MATH = YES;
				ONLY_ACTIVE_ARCH = YES;
				SDKROOT = iphoneos;
				SWIFT_ACTIVE_COMPILATION_CONDITIONS = "DEBUG $(inherited)";
				SWIFT_OPTIMIZATION_LEVEL = "-Onone";
			};
			name = Debug;
		};
		7B38B3C52AF6887400BA49D2 /* Release */ = {
			isa = XCBuildConfiguration;
			buildSettings = {
				ALWAYS_SEARCH_USER_PATHS = NO;
				ASSETCATALOG_COMPILER_GENERATE_SWIFT_ASSET_SYMBOL_EXTENSIONS = YES;
				CLANG_ANALYZER_NONNULL = YES;
				CLANG_ANALYZER_NUMBER_OBJECT_CONVERSION = YES_AGGRESSIVE;
				CLANG_CXX_LANGUAGE_STANDARD = "gnu++20";
				CLANG_ENABLE_MODULES = YES;
				CLANG_ENABLE_OBJC_ARC = YES;
				CLANG_ENABLE_OBJC_WEAK = YES;
				CLANG_WARN_BLOCK_CAPTURE_AUTORELEASING = YES;
				CLANG_WARN_BOOL_CONVERSION = YES;
				CLANG_WARN_COMMA = YES;
				CLANG_WARN_CONSTANT_CONVERSION = YES;
				CLANG_WARN_DEPRECATED_OBJC_IMPLEMENTATIONS = YES;
				CLANG_WARN_DIRECT_OBJC_ISA_USAGE = YES_ERROR;
				CLANG_WARN_DOCUMENTATION_COMMENTS = YES;
				CLANG_WARN_EMPTY_BODY = YES;
				CLANG_WARN_ENUM_CONVERSION = YES;
				CLANG_WARN_INFINITE_RECURSION = YES;
				CLANG_WARN_INT_CONVERSION = YES;
				CLANG_WARN_NON_LITERAL_NULL_CONVERSION = YES;
				CLANG_WARN_OBJC_IMPLICIT_RETAIN_SELF = YES;
				CLANG_WARN_OBJC_LITERAL_CONVERSION = YES;
				CLANG_WARN_OBJC_ROOT_CLASS = YES_ERROR;
				CLANG_WARN_QUOTED_INCLUDE_IN_FRAMEWORK_HEADER = YES;
				CLANG_WARN_RANGE_LOOP_ANALYSIS = YES;
				CLANG_WARN_STRICT_PROTOTYPES = YES;
				CLANG_WARN_SUSPICIOUS_MOVE = YES;
				CLANG_WARN_UNGUARDED_AVAILABILITY = YES_AGGRESSIVE;
				CLANG_WARN_UNREACHABLE_CODE = YES;
				CLANG_WARN__DUPLICATE_METHOD_MATCH = YES;
				COPY_PHASE_STRIP = NO;
				DEBUG_INFORMATION_FORMAT = "dwarf-with-dsym";
				ENABLE_NS_ASSERTIONS = NO;
				ENABLE_STRICT_OBJC_MSGSEND = YES;
				ENABLE_USER_SCRIPT_SANDBOXING = YES;
				GCC_C_LANGUAGE_STANDARD = gnu17;
				GCC_NO_COMMON_BLOCKS = YES;
				GCC_WARN_64_TO_32_BIT_CONVERSION = YES;
				GCC_WARN_ABOUT_RETURN_TYPE = YES_ERROR;
				GCC_WARN_UNDECLARED_SELECTOR = YES;
				GCC_WARN_UNINITIALIZED_AUTOS = YES_AGGRESSIVE;
				GCC_WARN_UNUSED_FUNCTION = YES;
				GCC_WARN_UNUSED_VARIABLE = YES;
				IPHONEOS_DEPLOYMENT_TARGET = 13.0;
				LOCALIZATION_PREFERS_STRING_CATALOGS = YES;
				MTL_ENABLE_DEBUG_INFO = NO;
				MTL_FAST_MATH = YES;
				SDKROOT = iphoneos;
				SWIFT_COMPILATION_MODE = wholemodule;
				VALIDATE_PRODUCT = YES;
			};
			name = Release;
		};
		7B38B3C72AF6887400BA49D2 /* Debug */ = {
			isa = XCBuildConfiguration;
			buildSettings = {
				ASSETCATALOG_COMPILER_APPICON_NAME = AppIcon;
				ASSETCATALOG_COMPILER_GLOBAL_ACCENT_COLOR_NAME = AccentColor;
				ASSETCATALOG_COMPILER_INCLUDE_ALL_APPICON_ASSETS = NO;
				CODE_SIGN_STYLE = Automatic;
				CURRENT_PROJECT_VERSION = 1;
				DEVELOPMENT_TEAM = FRCPLJ9LKU;
				GENERATE_INFOPLIST_FILE = YES;
				INFOPLIST_FILE = "Xylophone-trainee-project/Info.plist";
				INFOPLIST_KEY_CFBundleDisplayName = Xylophone;
				INFOPLIST_KEY_UIApplicationSupportsIndirectInputEvents = YES;
				INFOPLIST_KEY_UILaunchStoryboardName = LaunchScreen.storyboard;
				INFOPLIST_KEY_UIMainStoryboardFile = Main;
				INFOPLIST_KEY_UISupportedInterfaceOrientations_iPad = "UIInterfaceOrientationPortrait UIInterfaceOrientationPortraitUpsideDown UIInterfaceOrientationLandscapeLeft UIInterfaceOrientationLandscapeRight";
				INFOPLIST_KEY_UISupportedInterfaceOrientations_iPhone = "UIInterfaceOrientationPortrait UIInterfaceOrientationLandscapeLeft UIInterfaceOrientationLandscapeRight";
				IPHONEOS_DEPLOYMENT_TARGET = 13.0;
				LD_RUNPATH_SEARCH_PATHS = (
					"$(inherited)",
					"@executable_path/Frameworks",
				);
				MARKETING_VERSION = 1.0;
				PRODUCT_BUNDLE_IDENTIFIER = "com.tspodeneyko.Xylophone-trainee-project";
				PRODUCT_NAME = "$(TARGET_NAME)";
				SUPPORTED_PLATFORMS = "iphoneos iphonesimulator";
				SUPPORTS_MACCATALYST = NO;
				SUPPORTS_MAC_DESIGNED_FOR_IPHONE_IPAD = NO;
				SWIFT_EMIT_LOC_STRINGS = YES;
				SWIFT_VERSION = 5.0;
				TARGETED_DEVICE_FAMILY = "1,2";
			};
			name = Debug;
		};
		7B38B3C82AF6887400BA49D2 /* Release */ = {
			isa = XCBuildConfiguration;
			buildSettings = {
				ASSETCATALOG_COMPILER_APPICON_NAME = AppIcon;
				ASSETCATALOG_COMPILER_GLOBAL_ACCENT_COLOR_NAME = AccentColor;
				ASSETCATALOG_COMPILER_INCLUDE_ALL_APPICON_ASSETS = NO;
				CODE_SIGN_STYLE = Automatic;
				CURRENT_PROJECT_VERSION = 1;
				DEVELOPMENT_TEAM = FRCPLJ9LKU;
				GENERATE_INFOPLIST_FILE = YES;
				INFOPLIST_FILE = "Xylophone-trainee-project/Info.plist";
				INFOPLIST_KEY_CFBundleDisplayName = Xylophone;
				INFOPLIST_KEY_UIApplicationSupportsIndirectInputEvents = YES;
				INFOPLIST_KEY_UILaunchStoryboardName = LaunchScreen.storyboard;
				INFOPLIST_KEY_UIMainStoryboardFile = Main;
				INFOPLIST_KEY_UISupportedInterfaceOrientations_iPad = "UIInterfaceOrientationPortrait UIInterfaceOrientationPortraitUpsideDown UIInterfaceOrientationLandscapeLeft UIInterfaceOrientationLandscapeRight";
				INFOPLIST_KEY_UISupportedInterfaceOrientations_iPhone = "UIInterfaceOrientationPortrait UIInterfaceOrientationLandscapeLeft UIInterfaceOrientationLandscapeRight";
				IPHONEOS_DEPLOYMENT_TARGET = 13.0;
				LD_RUNPATH_SEARCH_PATHS = (
					"$(inherited)",
					"@executable_path/Frameworks",
				);
				MARKETING_VERSION = 1.0;
				PRODUCT_BUNDLE_IDENTIFIER = "com.tspodeneyko.Xylophone-trainee-project";
				PRODUCT_NAME = "$(TARGET_NAME)";
				SUPPORTED_PLATFORMS = "iphoneos iphonesimulator";
				SUPPORTS_MACCATALYST = NO;
				SUPPORTS_MAC_DESIGNED_FOR_IPHONE_IPAD = NO;
				SWIFT_EMIT_LOC_STRINGS = YES;
				SWIFT_VERSION = 5.0;
				TARGETED_DEVICE_FAMILY = "1,2";
			};
			name = Release;
		};
/* End XCBuildConfiguration section */

/* Begin XCConfigurationList section */
		7B38B3AD2AF6887400BA49D2 /* Build configuration list for PBXProject "Xylophone-trainee-project" */ = {
			isa = XCConfigurationList;
			buildConfigurations = (
				7B38B3C42AF6887400BA49D2 /* Debug */,
				7B38B3C52AF6887400BA49D2 /* Release */,
			);
			defaultConfigurationIsVisible = 0;
			defaultConfigurationName = Release;
		};
		7B38B3C62AF6887400BA49D2 /* Build configuration list for PBXNativeTarget "Xylophone-trainee-project" */ = {
			isa = XCConfigurationList;
			buildConfigurations = (
				7B38B3C72AF6887400BA49D2 /* Debug */,
				7B38B3C82AF6887400BA49D2 /* Release */,
			);
			defaultConfigurationIsVisible = 0;
			defaultConfigurationName = Release;
		};
/* End XCConfigurationList section */
	};
	rootObject = 7B38B3AA2AF6887400BA49D2 /* Project object */;
}
